{"is_source_file": false, "format": "", "description": "", "external_files": [], "external_methods": [], "published": [], "classes": [], "methods": [], "calls": [], "search-terms": [], "state": 2, "file_id": 38, "knowledge_revision": 97, "git_revision": "f29504d9fa300b36faef75c0c7a8477a668c4775", "hash": "e9b4c3b42cef0193b7fddb548d37e652", "format-version": 4, "code-base-name": "default", "filename": "mini_mayhem_arcade_hub/post_process_status.lock", "revision_history": [{"97": "f29504d9fa300b36faef75c0c7a8477a668c4775"}]}